
Microsoft Visual Studio Solution File, Format Version 12.00
# Visual Studio 15
VisualStudioVersion = 15.0.27428.2037
MinimumVisualStudioVersion = 10.0.40219.1
Project("{FAE04EC0-301F-11D3-BF4B-00C04F79EFBC}") = "NsisoLauncher", "NsisoLauncher\NsisoLauncher.csproj", "{6D9DFDAF-8762-4CFA-B8CA-EBF68934F936}"
EndProject
Project("{D954291E-2A0B-460D-934E-DC6B0785DB48}") = "NsisoLauncherCore", "..\NsisoLauncherCore\NsisoLauncherCore\NsisoLauncherCore.shproj", "{5C2D381D-748D-4809-BFE3-179CCCA2DC0D}"
EndProject
Global
	GlobalSection(SharedMSBuildProjectFiles) = preSolution
		..\NsisoLauncherCore\NsisoLauncherCore\NsisoLauncherCore.projitems*{5c2d381d-748d-4809-bfe3-179ccca2dc0d}*SharedItemsImports = 13
		..\NsisoLauncherCore\NsisoLauncherCore\NsisoLauncherCore.projitems*{6d9dfdaf-8762-4cfa-b8ca-ebf68934f936}*SharedItemsImports = 4
	EndGlobalSection
	GlobalSection(SolutionConfigurationPlatforms) = preSolution
		Debug|Any CPU = Debug|Any CPU
		Release|Any CPU = Release|Any CPU
	EndGlobalSection
	GlobalSection(ProjectConfigurationPlatforms) = postSolution
		{6D9DFDAF-8762-4CFA-B8CA-EBF68934F936}.Debug|Any CPU.ActiveCfg = Debug|Any CPU
		{6D9DFDAF-8762-4CFA-B8CA-EBF68934F936}.Debug|Any CPU.Build.0 = Debug|Any CPU
		{6D9DFDAF-8762-4CFA-B8CA-EBF68934F936}.Release|Any CPU.ActiveCfg = Release|Any CPU
		{6D9DFDAF-8762-4CFA-B8CA-EBF68934F936}.Release|Any CPU.Build.0 = Release|Any CPU
	EndGlobalSection
	GlobalSection(SolutionProperties) = preSolution
		HideSolutionNode = FALSE
	EndGlobalSection
	GlobalSection(ExtensibilityGlobals) = postSolution
		SolutionGuid = {97EBAFA0-BFA3-434C-9348-DCE436DADF37}
	EndGlobalSection
EndGlobal
